%{
  "barlix": {:hex, :barlix, "0.6.4", "ba2786c7a6ef7ca0c2b1b351d8ec41c9a64a2a3921afdfce9e18ac4f857f4dbf", [:mix], [{:png, "~> 0.2", [hex: :png, repo: "hexpm", optional: false]}], "hexpm", "9005a073e6987ae24cf719c9a8101a71307b1ca76b5f37066a3a11843f2ecff5"},
  "ex_guten": {:hex, :ex_guten, "0.1.1", "360b759eb0ce65f976190b025545ef5f9198bfbc3123e08ef3eca8b94da45002", [:mix], [], "hexpm", "3c5ae52caa8ffcf279e7045ec1b49fcdf5de54eee065cc2f09014e599a4f9995"},
  "pdf": {:hex, :pdf, "0.7.2", "b5efe3a42b00a5332826d45fbe8384d1db0f04c8ee79230c7169c35c37290f14", [:mix], [], "hexpm", "9531eb13d8df9eb6675b806fa30b806cc6a93a3a0e08780ede0167eecc0f86ef"},
  "png": {:hex, :png, "0.2.1", "b25c17c8dcdc40096d46ae2d7c2777c63fede48fa8c8312cc708c88554049d3b", [:rebar3], [], "hexpm", "279345e07108c604871a21f1c91f716810ab559af2b20d6f302e0a98265ef72e"},
  "sweet_xml": {:hex, :sweet_xml, "0.7.5", "803a563113981aaac202a1dbd39771562d0ad31004ddbfc9b5090bdcd5605277", [:mix], [], "hexpm", "193b28a9b12891cae351d81a0cead165ffe67df1b73fe5866d10629f4faefb12"},
}
